
Microsoft Visual Studio Solution File, Format Version 12.00
# Visual Studio Version 17
VisualStudioVersion = 17.0.31903.59
MinimumVisualStudioVersion = 10.0.40219.1
Project("{F2A71F9B-5D33-465A-A702-920D77279786}") = "FizzBuzz.Lib", "Lib\FizzBuzz.Lib.fsproj", "{A857D38B-7E5F-45C6-9A25-08FCFE23BF4E}"
EndProject
Project("{F2A71F9B-5D33-465A-A702-920D77279786}") = "FizzBuzz.Tests", "Tests\FizzBuzz.Tests.fsproj", "{8B88ADE3-A938-4F16-922A-B35F4B0A6E7A}"
EndProject
Global
	GlobalSection(SolutionConfigurationPlatforms) = preSolution
		Debug|Any CPU = Debug|Any CPU
		Release|Any CPU = Release|Any CPU
	EndGlobalSection
	GlobalSection(SolutionProperties) = preSolution
		HideSolutionNode = FALSE
	EndGlobalSection
	GlobalSection(ProjectConfigurationPlatforms) = postSolution
		{A857D38B-7E5F-45C6-9A25-08FCFE23BF4E}.Debug|Any CPU.ActiveCfg = Debug|Any CPU
		{A857D38B-7E5F-45C6-9A25-08FCFE23BF4E}.Debug|Any CPU.Build.0 = Debug|Any CPU
		{A857D38B-7E5F-45C6-9A25-08FCFE23BF4E}.Release|Any CPU.ActiveCfg = Release|Any CPU
		{A857D38B-7E5F-45C6-9A25-08FCFE23BF4E}.Release|Any CPU.Build.0 = Release|Any CPU
		{8B88ADE3-A938-4F16-922A-B35F4B0A6E7A}.Debug|Any CPU.ActiveCfg = Debug|Any CPU
		{8B88ADE3-A938-4F16-922A-B35F4B0A6E7A}.Debug|Any CPU.Build.0 = Debug|Any CPU
		{8B88ADE3-A938-4F16-922A-B35F4B0A6E7A}.Release|Any CPU.ActiveCfg = Release|Any CPU
		{8B88ADE3-A938-4F16-922A-B35F4B0A6E7A}.Release|Any CPU.Build.0 = Release|Any CPU
	EndGlobalSection
EndGlobal
